// !$*UTF8*$!
{
	archiveVersion = 1;
	classes = {
	};
	objectVersion = 77;
	objects = {

/* Begin PBXBuildFile section */
		5B0588602F026D8000557B42 /* packet.c in Sources */ = {isa = PBXBuildFile; fileRef = 5B05885C2F026D8000557B42 /* packet.c */; };
		5B0588612F026D8000557B42 /* compress.c in Sources */ = {isa = PBXBuildFile; fileRef = 5B0588592F026D8000557B42 /* compress.c */; };
		5B0588622F026D8000557B42 /* host.c in Sources */ = {isa = PBXBuildFile; fileRef = 5B05885A2F026D8000557B42 /* host.c */; };
		5B0588632F026D8000557B42 /* unix.c in Sources */ = {isa = PBXBuildFile; fileRef = 5B05885F2F026D8000557B42 /* unix.c */; };
		5B0588642F026D8000557B42 /* list.c in Sources */ = {isa = PBXBuildFile; fileRef = 5B05885B2F026D8000557B42 /* list.c */; };
		5B0588652F026D8000557B42 /* peer.c in Sources */ = {isa = PBXBuildFile; fileRef = 5B05885D2F026D8000557B42 /* peer.c */; };
		5B0588662F026D8000557B42 /* protocol.c in Sources */ = {isa = PBXBuildFile; fileRef = 5B05885E2F026D8000557B42 /* protocol.c */; };
		5B0588672F026D8000557B42 /* callbacks.c in Sources */ = {isa = PBXBuildFile; fileRef = 5B0588582F026D8000557B42 /* callbacks.c */; };
		5B7AB2622E283E97009E04C8 /* Controller.cpp in Sources */ = {isa = PBXBuildFile; fileRef = 5B7AB2612E283E97009E04C8 /* Controller.cpp */; };
		5B7AB2642E28E5E7009E04C8 /* scripts in CopyFiles */ = {isa = PBXBuildFile; fileRef = 5B7AB2632E28E5E7009E04C8 /* scripts */; };
/* End PBXBuildFile section */

/* Begin PBXCopyFilesBuildPhase section */
		5B7AB1992E283C0B009E04C8 /* CopyFiles */ = {
			isa = PBXCopyFilesBuildPhase;
			buildActionMask = 12;
			dstPath = "";
			dstSubfolderSpec = 16;
			files = (
				5B7AB2642E28E5E7009E04C8 /* scripts in CopyFiles */,
			);
			runOnlyForDeploymentPostprocessing = 0;
		};
/* End PBXCopyFilesBuildPhase section */

/* Begin PBXFileReference section */
		5B0588582F026D8000557B42 /* callbacks.c */ = {isa = PBXFileReference; lastKnownFileType = sourcecode.c.c; name = callbacks.c; path = "../thirdParty/enet-1.3.18/callbacks.c"; sourceTree = SOURCE_ROOT; };
		5B0588592F026D8000557B42 /* compress.c */ = {isa = PBXFileReference; lastKnownFileType = sourcecode.c.c; name = compress.c; path = "../thirdParty/enet-1.3.18/compress.c"; sourceTree = SOURCE_ROOT; };
		5B05885A2F026D8000557B42 /* host.c */ = {isa = PBXFileReference; lastKnownFileType = sourcecode.c.c; name = host.c; path = "../thirdParty/enet-1.3.18/host.c"; sourceTree = SOURCE_ROOT; };
		5B05885B2F026D8000557B42 /* list.c */ = {isa = PBXFileReference; lastKnownFileType = sourcecode.c.c; name = list.c; path = "../thirdParty/enet-1.3.18/list.c"; sourceTree = SOURCE_ROOT; };
		5B05885C2F026D8000557B42 /* packet.c */ = {isa = PBXFileReference; lastKnownFileType = sourcecode.c.c; name = packet.c; path = "../thirdParty/enet-1.3.18/packet.c"; sourceTree = SOURCE_ROOT; };
		5B05885D2F026D8000557B42 /* peer.c */ = {isa = PBXFileReference; lastKnownFileType = sourcecode.c.c; name = peer.c; path = "../thirdParty/enet-1.3.18/peer.c"; sourceTree = SOURCE_ROOT; };
		5B05885E2F026D8000557B42 /* protocol.c */ = {isa = PBXFileReference; lastKnownFileType = sourcecode.c.c; name = protocol.c; path = "../thirdParty/enet-1.3.18/protocol.c"; sourceTree = SOURCE_ROOT; };
		5B05885F2F026D8000557B42 /* unix.c */ = {isa = PBXFileReference; lastKnownFileType = sourcecode.c.c; name = unix.c; path = "../thirdParty/enet-1.3.18/unix.c"; sourceTree = SOURCE_ROOT; };
		5B7AB19B2E283C0B009E04C8 /* katipoHost */ = {isa = PBXFileReference; explicitFileType = "compiled.mach-o.executable"; includeInIndex = 0; path = katipoHost; sourceTree = BUILT_PRODUCTS_DIR; };
		5B7AB2602E283E97009E04C8 /* Controller.h */ = {isa = PBXFileReference; lastKnownFileType = sourcecode.c.h; name = Controller.h; path = ../apps/katipoHost/Controller.h; sourceTree = SOURCE_ROOT; };
		5B7AB2612E283E97009E04C8 /* Controller.cpp */ = {isa = PBXFileReference; lastKnownFileType = sourcecode.cpp.cpp; name = Controller.cpp; path = ../apps/katipoHost/Controller.cpp; sourceTree = SOURCE_ROOT; };
		5B7AB2632E28E5E7009E04C8 /* scripts */ = {isa = PBXFileReference; lastKnownFileType = folder; name = scripts; path = ../apps/katipoHost/scripts; sourceTree = "<group>"; };
/* End PBXFileReference section */

/* Begin PBXFileSystemSynchronizedBuildFileExceptionSet section */
		5B7AB25F2E283D43009E04C8 /* Exceptions for "core" folder in "katipoHost" target */ = {
			isa = PBXFileSystemSynchronizedBuildFileExceptionSet;
			membershipExceptions = (
				ClientHttpInterface.cpp,
				Database.cpp,
				DatabaseEnvironment.cpp,
			);
			target = 5B7AB19A2E283C0B009E04C8 /* katipoHost */;
		};
/* End PBXFileSystemSynchronizedBuildFileExceptionSet section */

/* Begin PBXFileSystemSynchronizedRootGroup section */
		5B7AB19D2E283C0B009E04C8 /* katipoHost */ = {
			isa = PBXFileSystemSynchronizedRootGroup;
			path = katipoHost;
			sourceTree = "<group>";
		};
		5B7AB1B72E283C88009E04C8 /* source */ = {
			isa = PBXFileSystemSynchronizedRootGroup;
			name = source;
			path = ../thirdParty/tui/source;
			sourceTree = SOURCE_ROOT;
		};
		5B7AB22B2E283D20009E04C8 /* core */ = {
			isa = PBXFileSystemSynchronizedRootGroup;
			exceptions = (
				5B7AB25F2E283D43009E04C8 /* Exceptions for "core" folder in "katipoHost" target */,
			);
			name = core;
			path = ../core;
			sourceTree = SOURCE_ROOT;
		};
/* End PBXFileSystemSynchronizedRootGroup section */

/* Begin PBXFrameworksBuildPhase section */
		5B7AB1982E283C0B009E04C8 /* Frameworks */ = {
			isa = PBXFrameworksBuildPhase;
			buildActionMask = 2147483647;
			files = (
			);
			runOnlyForDeploymentPostprocessing = 0;
		};
/* End PBXFrameworksBuildPhase section */

/* Begin PBXGroup section */
		5B7AB1922E283C0B009E04C8 = {
			isa = PBXGroup;
			children = (
				5B7AB2632E28E5E7009E04C8 /* scripts */,
				5B7AB2602E283E97009E04C8 /* Controller.h */,
				5B7AB2612E283E97009E04C8 /* Controller.cpp */,
				5B7AB19D2E283C0B009E04C8 /* katipoHost */,
				5B7AB19C2E283C0B009E04C8 /* Products */,
				5B7AB1B72E283C88009E04C8 /* source */,
				5B7AB22B2E283D20009E04C8 /* core */,
				5B0588582F026D8000557B42 /* callbacks.c */,
				5B0588592F026D8000557B42 /* compress.c */,
				5B05885A2F026D8000557B42 /* host.c */,
				5B05885B2F026D8000557B42 /* list.c */,
				5B05885C2F026D8000557B42 /* packet.c */,
				5B05885D2F026D8000557B42 /* peer.c */,
				5B05885E2F026D8000557B42 /* protocol.c */,
				5B05885F2F026D8000557B42 /* unix.c */,
			);
			sourceTree = "<group>";
		};
		5B7AB19C2E283C0B009E04C8 /* Products */ = {
			isa = PBXGroup;
			children = (
				5B7AB19B2E283C0B009E04C8 /* katipoHost */,
			);
			name = Products;
			sourceTree = "<group>";
		};
/* End PBXGroup section */

/* Begin PBXNativeTarget section */
		5B7AB19A2E283C0B009E04C8 /* katipoHost */ = {
			isa = PBXNativeTarget;
			buildConfigurationList = 5B7AB1A22E283C0B009E04C8 /* Build configuration list for PBXNativeTarget "katipoHost" */;
			buildPhases = (
				5B7AB1972E283C0B009E04C8 /* Sources */,
				5B7AB1982E283C0B009E04C8 /* Frameworks */,
				5B7AB1992E283C0B009E04C8 /* CopyFiles */,
			);
			buildRules = (
			);
			dependencies = (
			);
			fileSystemSynchronizedGroups = (
				5B7AB19D2E283C0B009E04C8 /* katipoHost */,
				5B7AB1B72E283C88009E04C8 /* source */,
				5B7AB22B2E283D20009E04C8 /* core */,
			);
			name = katipoHost;
			packageProductDependencies = (
			);
			productName = katipoHost;
			productReference = 5B7AB19B2E283C0B009E04C8 /* katipoHost */;
			productType = "com.apple.product-type.tool";
		};
/* End PBXNativeTarget section */

/* Begin PBXProject section */
		5B7AB1932E283C0B009E04C8 /* Project object */ = {
			isa = PBXProject;
			attributes = {
				BuildIndependentTargetsInParallel = 1;
				LastUpgradeCheck = 1640;
				TargetAttributes = {
					5B7AB19A2E283C0B009E04C8 = {
						CreatedOnToolsVersion = 16.4;
					};
				};
			};
			buildConfigurationList = 5B7AB1962E283C0B009E04C8 /* Build configuration list for PBXProject "katipoHost" */;
			developmentRegion = en;
			hasScannedForEncodings = 0;
			knownRegions = (
				en,
				Base,
			);
			mainGroup = 5B7AB1922E283C0B009E04C8;
			minimizedProjectReferenceProxies = 1;
			preferredProjectObjectVersion = 77;
			productRefGroup = 5B7AB19C2E283C0B009E04C8 /* Products */;
			projectDirPath = "";
			projectRoot = "";
			targets = (
				5B7AB19A2E283C0B009E04C8 /* katipoHost */,
			);
		};
/* End PBXProject section */

/* Begin PBXSourcesBuildPhase section */
		5B7AB1972E283C0B009E04C8 /* Sources */ = {
			isa = PBXSourcesBuildPhase;
			buildActionMask = 2147483647;
			files = (
				5B7AB2622E283E97009E04C8 /* Controller.cpp in Sources */,
				5B0588602F026D8000557B42 /* packet.c in Sources */,
				5B0588612F026D8000557B42 /* compress.c in Sources */,
				5B0588622F026D8000557B42 /* host.c in Sources */,
				5B0588632F026D8000557B42 /* unix.c in Sources */,
				5B0588642F026D8000557B42 /* list.c in Sources */,
				5B0588652F026D8000557B42 /* peer.c in Sources */,
				5B0588662F026D8000557B42 /* protocol.c in Sources */,
				5B0588672F026D8000557B42 /* callbacks.c in Sources */,
			);
			runOnlyForDeploymentPostprocessing = 0;
		};
/* End PBXSourcesBuildPhase section */

/* Begin XCBuildConfiguration section */
		5B7AB1A02E283C0B009E04C8 /* Debug */ = {
			isa = XCBuildConfiguration;
			buildSettings = {
				ALWAYS_SEARCH_USER_PATHS = NO;
				ASSETCATALOG_COMPILER_GENERATE_SWIFT_ASSET_SYMBOL_EXTENSIONS = YES;
				CLANG_ANALYZER_NONNULL = YES;
				CLANG_ANALYZER_NUMBER_OBJECT_CONVERSION = YES_AGGRESSIVE;
				CLANG_CXX_LANGUAGE_STANDARD = "gnu++20";
				CLANG_ENABLE_MODULES = YES;
				CLANG_ENABLE_OBJC_ARC = YES;
				CLANG_ENABLE_OBJC_WEAK = YES;
				CLANG_WARN_BLOCK_CAPTURE_AUTORELEASING = YES;
				CLANG_WARN_BOOL_CONVERSION = YES;
				CLANG_WARN_COMMA = YES;
				CLANG_WARN_CONSTANT_CONVERSION = YES;
				CLANG_WARN_DEPRECATED_OBJC_IMPLEMENTATIONS = YES;
				CLANG_WARN_DIRECT_OBJC_ISA_USAGE = YES_ERROR;
				CLANG_WARN_DOCUMENTATION_COMMENTS = YES;
				CLANG_WARN_EMPTY_BODY = YES;
				CLANG_WARN_ENUM_CONVERSION = YES;
				CLANG_WARN_INFINITE_RECURSION = YES;
				CLANG_WARN_INT_CONVERSION = YES;
				CLANG_WARN_NON_LITERAL_NULL_CONVERSION = YES;
				CLANG_WARN_OBJC_IMPLICIT_RETAIN_SELF = YES;
				CLANG_WARN_OBJC_LITERAL_CONVERSION = YES;
				CLANG_WARN_OBJC_ROOT_CLASS = YES_ERROR;
				CLANG_WARN_QUOTED_INCLUDE_IN_FRAMEWORK_HEADER = YES;
				CLANG_WARN_RANGE_LOOP_ANALYSIS = YES;
				CLANG_WARN_STRICT_PROTOTYPES = YES;
				CLANG_WARN_SUSPICIOUS_MOVE = YES;
				CLANG_WARN_UNGUARDED_AVAILABILITY = YES_AGGRESSIVE;
				CLANG_WARN_UNREACHABLE_CODE = YES;
				CLANG_WARN__DUPLICATE_METHOD_MATCH = YES;
				COPY_PHASE_STRIP = NO;
				DEBUG_INFORMATION_FORMAT = dwarf;
				DEVELOPMENT_TEAM = 9Q78V5BF2N;
				ENABLE_STRICT_OBJC_MSGSEND = YES;
				ENABLE_TESTABILITY = YES;
				ENABLE_USER_SCRIPT_SANDBOXING = YES;
				GCC_C_LANGUAGE_STANDARD = gnu17;
				GCC_DYNAMIC_NO_PIC = NO;
				GCC_NO_COMMON_BLOCKS = YES;
				GCC_OPTIMIZATION_LEVEL = 0;
				GCC_PREPROCESSOR_DEFINITIONS = (
					"DEBUG=1",
					"$(inherited)",
				);
				GCC_WARN_64_TO_32_BIT_CONVERSION = YES;
				GCC_WARN_ABOUT_RETURN_TYPE = YES_ERROR;
				GCC_WARN_UNDECLARED_SELECTOR = YES;
				GCC_WARN_UNINITIALIZED_AUTOS = YES_AGGRESSIVE;
				GCC_WARN_UNUSED_FUNCTION = YES;
				GCC_WARN_UNUSED_VARIABLE = YES;
				LOCALIZATION_PREFERS_STRING_CATALOGS = YES;
				MACOSX_DEPLOYMENT_TARGET = 15.5;
				MTL_ENABLE_DEBUG_INFO = INCLUDE_SOURCE;
				MTL_FAST_MATH = YES;
				ONLY_ACTIVE_ARCH = YES;
				SDKROOT = macosx;
			};
			name = Debug;
		};
		5B7AB1A12E283C0B009E04C8 /* Release */ = {
			isa = XCBuildConfiguration;
			buildSettings = {
				ALWAYS_SEARCH_USER_PATHS = NO;
				ASSETCATALOG_COMPILER_GENERATE_SWIFT_ASSET_SYMBOL_EXTENSIONS = YES;
				CLANG_ANALYZER_NONNULL = YES;
				CLANG_ANALYZER_NUMBER_OBJECT_CONVERSION = YES_AGGRESSIVE;
				CLANG_CXX_LANGUAGE_STANDARD = "gnu++20";
				CLANG_ENABLE_MODULES = YES;
				CLANG_ENABLE_OBJC_ARC = YES;
				CLANG_ENABLE_OBJC_WEAK = YES;
				CLANG_WARN_BLOCK_CAPTURE_AUTORELEASING = YES;
				CLANG_WARN_BOOL_CONVERSION = YES;
				CLANG_WARN_COMMA = YES;
				CLANG_WARN_CONSTANT_CONVERSION = YES;
				CLANG_WARN_DEPRECATED_OBJC_IMPLEMENTATIONS = YES;
				CLANG_WARN_DIRECT_OBJC_ISA_USAGE = YES_ERROR;
				CLANG_WARN_DOCUMENTATION_COMMENTS = YES;
				CLANG_WARN_EMPTY_BODY = YES;
				CLANG_WARN_ENUM_CONVERSION = YES;
				CLANG_WARN_INFINITE_RECURSION = YES;
				CLANG_WARN_INT_CONVERSION = YES;
				CLANG_WARN_NON_LITERAL_NULL_CONVERSION = YES;
				CLANG_WARN_OBJC_IMPLICIT_RETAIN_SELF = YES;
				CLANG_WARN_OBJC_LITERAL_CONVERSION = YES;
				CLANG_WARN_OBJC_ROOT_CLASS = YES_ERROR;
				CLANG_WARN_QUOTED_INCLUDE_IN_FRAMEWORK_HEADER = YES;
				CLANG_WARN_RANGE_LOOP_ANALYSIS = YES;
				CLANG_WARN_STRICT_PROTOTYPES = YES;
				CLANG_WARN_SUSPICIOUS_MOVE = YES;
				CLANG_WARN_UNGUARDED_AVAILABILITY = YES_AGGRESSIVE;
				CLANG_WARN_UNREACHABLE_CODE = YES;
				CLANG_WARN__DUPLICATE_METHOD_MATCH = YES;
				COPY_PHASE_STRIP = NO;
				DEBUG_INFORMATION_FORMAT = "dwarf-with-dsym";
				DEVELOPMENT_TEAM = 9Q78V5BF2N;
				ENABLE_NS_ASSERTIONS = NO;
				ENABLE_STRICT_OBJC_MSGSEND = YES;
				ENABLE_USER_SCRIPT_SANDBOXING = YES;
				GCC_C_LANGUAGE_STANDARD = gnu17;
				GCC_NO_COMMON_BLOCKS = YES;
				GCC_WARN_64_TO_32_BIT_CONVERSION = YES;
				GCC_WARN_ABOUT_RETURN_TYPE = YES_ERROR;
				GCC_WARN_UNDECLARED_SELECTOR = YES;
				GCC_WARN_UNINITIALIZED_AUTOS = YES_AGGRESSIVE;
				GCC_WARN_UNUSED_FUNCTION = YES;
				GCC_WARN_UNUSED_VARIABLE = YES;
				LOCALIZATION_PREFERS_STRING_CATALOGS = YES;
				MACOSX_DEPLOYMENT_TARGET = 15.5;
				MTL_ENABLE_DEBUG_INFO = NO;
				MTL_FAST_MATH = YES;
				SDKROOT = macosx;
			};
			name = Release;
		};
		5B7AB1A32E283C0B009E04C8 /* Debug */ = {
			isa = XCBuildConfiguration;
			buildSettings = {
				CODE_SIGN_STYLE = Automatic;
				DEVELOPMENT_TEAM = 9Q78V5BF2N;
				ENABLE_HARDENED_RUNTIME = YES;
				MACOSX_DEPLOYMENT_TARGET = 11.5;
				PRODUCT_NAME = "$(TARGET_NAME)";
				USER_HEADER_SEARCH_PATHS = (
					"\"$(SRCROOT)/../thirdParty/tui/thirdParty/glm/glm\"",
					"\"$(SRCROOT)/../thirdParty/enet-1.3.18/include\"",
				);
			};
			name = Debug;
		};
		5B7AB1A42E283C0B009E04C8 /* Release */ = {
			isa = XCBuildConfiguration;
			buildSettings = {
				CODE_SIGN_STYLE = Automatic;
				DEVELOPMENT_TEAM = 9Q78V5BF2N;
				ENABLE_HARDENED_RUNTIME = YES;
				MACOSX_DEPLOYMENT_TARGET = 11.5;
				PRODUCT_NAME = "$(TARGET_NAME)";
				USER_HEADER_SEARCH_PATHS = (
					"\"$(SRCROOT)/../thirdParty/tui/thirdParty/glm/glm\"",
					"\"$(SRCROOT)/../thirdParty/enet-1.3.18/include\"",
				);
			};
			name = Release;
		};
/* End XCBuildConfiguration section */

/* Begin XCConfigurationList section */
		5B7AB1962E283C0B009E04C8 /* Build configuration list for PBXProject "katipoHost" */ = {
			isa = XCConfigurationList;
			buildConfigurations = (
				5B7AB1A02E283C0B009E04C8 /* Debug */,
				5B7AB1A12E283C0B009E04C8 /* Release */,
			);
			defaultConfigurationIsVisible = 0;
			defaultConfigurationName = Release;
		};
		5B7AB1A22E283C0B009E04C8 /* Build configuration list for PBXNativeTarget "katipoHost" */ = {
			isa = XCConfigurationList;
			buildConfigurations = (
				5B7AB1A32E283C0B009E04C8 /* Debug */,
				5B7AB1A42E283C0B009E04C8 /* Release */,
			);
			defaultConfigurationIsVisible = 0;
			defaultConfigurationName = Release;
		};
/* End XCConfigurationList section */
	};
	rootObject = 5B7AB1932E283C0B009E04C8 /* Project object */;
}
